
Microsoft Visual Studio Solution File, Format Version 12.00
# Visual Studio Version 17
VisualStudioVersion = 17.9.34714.143
MinimumVisualStudioVersion = 10.0.40219.1
Project("{9A19103F-16F7-4668-BE54-9A1E7A4F7556}") = "QL_COFFEE_WPF2", "QL_COFFEE_WPF2\QL_COFFEE_WPF2.csproj", "{73F0E137-D1F9-4EB0-994F-E0938F0571E3}"
EndProject
Global
	GlobalSection(SolutionConfigurationPlatforms) = preSolution
		Debug|Any CPU = Debug|Any CPU
		Release|Any CPU = Release|Any CPU
	EndGlobalSection
	GlobalSection(ProjectConfigurationPlatforms) = postSolution
		{73F0E137-D1F9-4EB0-994F-E0938F0571E3}.Debug|Any CPU.ActiveCfg = Debug|Any CPU
		{73F0E137-D1F9-4EB0-994F-E0938F0571E3}.Debug|Any CPU.Build.0 = Debug|Any CPU
		{73F0E137-D1F9-4EB0-994F-E0938F0571E3}.Release|Any CPU.ActiveCfg = Release|Any CPU
		{73F0E137-D1F9-4EB0-994F-E0938F0571E3}.Release|Any CPU.Build.0 = Release|Any CPU
	EndGlobalSection
	GlobalSection(SolutionProperties) = preSolution
		HideSolutionNode = FALSE
	EndGlobalSection
	GlobalSection(ExtensibilityGlobals) = postSolution
		SolutionGuid = {BD35EDCE-A4E5-45D2-8662-218C7C17D3CC}
	EndGlobalSection
EndGlobal
